
Microsoft Visual Studio Solution File, Format Version 12.00
# Visual Studio Version 16
VisualStudioVersion = 16.0.31729.503
MinimumVisualStudioVersion = 10.0.40219.1
Project("{FAE04EC0-301F-11D3-BF4B-00C04F79EFBC}") = "ToDo", "ToDo\ToDo.csproj", "{9FE5F238-23A5-4E9F-AFCB-552C9EE2178C}"
EndProject
Project("{00D1A9C2-B5F0-4AF3-8072-F6C62B433612}") = "ToDoDb", "ToDoDb\ToDoDb.sqlproj", "{3DB9CDE3-CE52-4CD1-AD93-681DAAC917E6}"
EndProject
Global
	GlobalSection(SolutionConfigurationPlatforms) = preSolution
		Debug|Any CPU = Debug|Any CPU
		Release|Any CPU = Release|Any CPU
	EndGlobalSection
	GlobalSection(ProjectConfigurationPlatforms) = postSolution
		{9FE5F238-23A5-4E9F-AFCB-552C9EE2178C}.Debug|Any CPU.ActiveCfg = Debug|Any CPU
		{9FE5F238-23A5-4E9F-AFCB-552C9EE2178C}.Debug|Any CPU.Build.0 = Debug|Any CPU
		{9FE5F238-23A5-4E9F-AFCB-552C9EE2178C}.Release|Any CPU.ActiveCfg = Release|Any CPU
		{9FE5F238-23A5-4E9F-AFCB-552C9EE2178C}.Release|Any CPU.Build.0 = Release|Any CPU
		{3DB9CDE3-CE52-4CD1-AD93-681DAAC917E6}.Debug|Any CPU.ActiveCfg = Debug|Any CPU
		{3DB9CDE3-CE52-4CD1-AD93-681DAAC917E6}.Debug|Any CPU.Build.0 = Debug|Any CPU
		{3DB9CDE3-CE52-4CD1-AD93-681DAAC917E6}.Debug|Any CPU.Deploy.0 = Debug|Any CPU
		{3DB9CDE3-CE52-4CD1-AD93-681DAAC917E6}.Release|Any CPU.ActiveCfg = Release|Any CPU
		{3DB9CDE3-CE52-4CD1-AD93-681DAAC917E6}.Release|Any CPU.Build.0 = Release|Any CPU
		{3DB9CDE3-CE52-4CD1-AD93-681DAAC917E6}.Release|Any CPU.Deploy.0 = Release|Any CPU
	EndGlobalSection
	GlobalSection(SolutionProperties) = preSolution
		HideSolutionNode = FALSE
	EndGlobalSection
	GlobalSection(ExtensibilityGlobals) = postSolution
		SolutionGuid = {8E57CCB8-9B40-4857-B753-B0E9F23C2D73}
	EndGlobalSection
EndGlobal
